
Microsoft Visual Studio Solution File, Format Version 12.00
# Visual Studio 15
VisualStudioVersion = 15.0.28010.2041
MinimumVisualStudioVersion = 10.0.40219.1
Project("{9A19103F-16F7-4668-BE54-9A1E7A4F7556}") = "SmavUI", "SmavUI.csproj", "{42F8E6A1-B583-419E-A3D8-AF476E3F0909}"
EndProject
Project("{FAE04EC0-301F-11D3-BF4B-00C04F79EFBC}") = "Test", "..\Test\Test.csproj", "{720F4FA3-EBC5-45F5-ACC6-FADFB867D904}"
EndProject
Project("{9A19103F-16F7-4668-BE54-9A1E7A4F7556}") = "TestCss", "..\..\..\Medical\Smav\Smav\TestCss\TestCss.csproj", "{1BB2D89A-D1EB-48A9-B9D4-9A258E5DED09}"
EndProject
Global
	GlobalSection(SolutionConfigurationPlatforms) = preSolution
		Debug|Any CPU = Debug|Any CPU
		Release|Any CPU = Release|Any CPU
	EndGlobalSection
	GlobalSection(ProjectConfigurationPlatforms) = postSolution
		{42F8E6A1-B583-419E-A3D8-AF476E3F0909}.Debug|Any CPU.ActiveCfg = Debug|Any CPU
		{42F8E6A1-B583-419E-A3D8-AF476E3F0909}.Debug|Any CPU.Build.0 = Debug|Any CPU
		{42F8E6A1-B583-419E-A3D8-AF476E3F0909}.Release|Any CPU.ActiveCfg = Release|Any CPU
		{42F8E6A1-B583-419E-A3D8-AF476E3F0909}.Release|Any CPU.Build.0 = Release|Any CPU
		{720F4FA3-EBC5-45F5-ACC6-FADFB867D904}.Debug|Any CPU.ActiveCfg = Debug|Any CPU
		{720F4FA3-EBC5-45F5-ACC6-FADFB867D904}.Debug|Any CPU.Build.0 = Debug|Any CPU
		{720F4FA3-EBC5-45F5-ACC6-FADFB867D904}.Release|Any CPU.ActiveCfg = Release|Any CPU
		{720F4FA3-EBC5-45F5-ACC6-FADFB867D904}.Release|Any CPU.Build.0 = Release|Any CPU
		{1BB2D89A-D1EB-48A9-B9D4-9A258E5DED09}.Debug|Any CPU.ActiveCfg = Debug|Any CPU
		{1BB2D89A-D1EB-48A9-B9D4-9A258E5DED09}.Debug|Any CPU.Build.0 = Debug|Any CPU
		{1BB2D89A-D1EB-48A9-B9D4-9A258E5DED09}.Release|Any CPU.ActiveCfg = Release|Any CPU
		{1BB2D89A-D1EB-48A9-B9D4-9A258E5DED09}.Release|Any CPU.Build.0 = Release|Any CPU
	EndGlobalSection
	GlobalSection(SolutionProperties) = preSolution
		HideSolutionNode = FALSE
	EndGlobalSection
	GlobalSection(ExtensibilityGlobals) = postSolution
		SolutionGuid = {C530347A-3C87-431D-A1F2-F1B2ECDEB12E}
	EndGlobalSection
EndGlobal
